// !$*UTF8*$!
{
	archiveVersion = 1;
	classes = {
	};
	objectVersion = 46;
	objects = {

/* Begin PBXBuildFile section */
		AE8BC5101DD8C4A800F91BA0 /* AppDelegate.swift in Sources */ = {isa = PBXBuildFile; fileRef = AE8BC50F1DD8C4A800F91BA0 /* AppDelegate.swift */; };
		AE8BC5171DD8C4A800F91BA0 /* Main.storyboard in Resources */ = {isa = PBXBuildFile; fileRef = AE8BC5151DD8C4A800F91BA0 /* Main.storyboard */; };
		AE8BC5191DD8C4A800F91BA0 /* Assets.xcassets in Resources */ = {isa = PBXBuildFile; fileRef = AE8BC5181DD8C4A800F91BA0 /* Assets.xcassets */; };
		AE8BC51C1DD8C4A800F91BA0 /* LaunchScreen.storyboard in Resources */ = {isa = PBXBuildFile; fileRef = AE8BC51A1DD8C4A800F91BA0 /* LaunchScreen.storyboard */; };
		AE8BC5241DD8C58200F91BA0 /* Beer_List.swift in Sources */ = {isa = PBXBuildFile; fileRef = AE8BC5231DD8C58200F91BA0 /* Beer_List.swift */; };
		AE8BC5261DD8C59100F91BA0 /* Filter.swift in Sources */ = {isa = PBXBuildFile; fileRef = AE8BC5251DD8C59100F91BA0 /* Filter.swift */; };
		AE8BC5281DD8C5AB00F91BA0 /* Add_Beer.swift in Sources */ = {isa = PBXBuildFile; fileRef = AE8BC5271DD8C5AB00F91BA0 /* Add_Beer.swift */; };
		AE8BC52C1DD925CA00F91BA0 /* Filtered1.swift in Sources */ = {isa = PBXBuildFile; fileRef = AE8BC52B1DD925CA00F91BA0 /* Filtered1.swift */; };
		AE8BC52E1DD929E700F91BA0 /* Filtered2.swift in Sources */ = {isa = PBXBuildFile; fileRef = AE8BC52D1DD929E700F91BA0 /* Filtered2.swift */; };
		AE8BC5301DD9380700F91BA0 /* detailedInfoViewController.swift in Sources */ = {isa = PBXBuildFile; fileRef = AE8BC52F1DD9380700F91BA0 /* detailedInfoViewController.swift */; };
/* End PBXBuildFile section */

/* Begin PBXFileReference section */
		AE8BC50C1DD8C4A800F91BA0 /* Beer_Diary.app */ = {isa = PBXFileReference; explicitFileType = wrapper.application; includeInIndex = 0; path = Beer_Diary.app; sourceTree = BUILT_PRODUCTS_DIR; };
		AE8BC50F1DD8C4A800F91BA0 /* AppDelegate.swift */ = {isa = PBXFileReference; lastKnownFileType = sourcecode.swift; path = AppDelegate.swift; sourceTree = "<group>"; };
		AE8BC5161DD8C4A800F91BA0 /* Base */ = {isa = PBXFileReference; lastKnownFileType = file.storyboard; name = Base; path = Base.lproj/Main.storyboard; sourceTree = "<group>"; };
		AE8BC5181DD8C4A800F91BA0 /* Assets.xcassets */ = {isa = PBXFileReference; lastKnownFileType = folder.assetcatalog; path = Assets.xcassets; sourceTree = "<group>"; };
		AE8BC51B1DD8C4A800F91BA0 /* Base */ = {isa = PBXFileReference; lastKnownFileType = file.storyboard; name = Base; path = Base.lproj/LaunchScreen.storyboard; sourceTree = "<group>"; };
		AE8BC51D1DD8C4A800F91BA0 /* Info.plist */ = {isa = PBXFileReference; lastKnownFileType = text.plist.xml; path = Info.plist; sourceTree = "<group>"; };
		AE8BC5231DD8C58200F91BA0 /* Beer_List.swift */ = {isa = PBXFileReference; fileEncoding = 4; lastKnownFileType = sourcecode.swift; path = Beer_List.swift; sourceTree = "<group>"; };
		AE8BC5251DD8C59100F91BA0 /* Filter.swift */ = {isa = PBXFileReference; fileEncoding = 4; lastKnownFileType = sourcecode.swift; path = Filter.swift; sourceTree = "<group>"; };
		AE8BC5271DD8C5AB00F91BA0 /* Add_Beer.swift */ = {isa = PBXFileReference; fileEncoding = 4; lastKnownFileType = sourcecode.swift; path = Add_Beer.swift; sourceTree = "<group>"; };
		AE8BC52B1DD925CA00F91BA0 /* Filtered1.swift */ = {isa = PBXFileReference; fileEncoding = 4; lastKnownFileType = sourcecode.swift; path = Filtered1.swift; sourceTree = "<group>"; };
		AE8BC52D1DD929E700F91BA0 /* Filtered2.swift */ = {isa = PBXFileReference; fileEncoding = 4; lastKnownFileType = sourcecode.swift; path = Filtered2.swift; sourceTree = "<group>"; };
		AE8BC52F1DD9380700F91BA0 /* detailedInfoViewController.swift */ = {isa = PBXFileReference; fileEncoding = 4; lastKnownFileType = sourcecode.swift; path = detailedInfoViewController.swift; sourceTree = "<group>"; };
/* End PBXFileReference section */

/* Begin PBXFrameworksBuildPhase section */
		AE8BC5091DD8C4A800F91BA0 /* Frameworks */ = {
			isa = PBXFrameworksBuildPhase;
			buildActionMask = 2147483647;
			files = (
			);
			runOnlyForDeploymentPostprocessing = 0;
		};
/* End PBXFrameworksBuildPhase section */

/* Begin PBXGroup section */
		AE8BC5031DD8C4A800F91BA0 = {
			isa = PBXGroup;
			children = (
				AE8BC50E1DD8C4A800F91BA0 /* Beer_Diary */,
				AE8BC50D1DD8C4A800F91BA0 /* Products */,
			);
			sourceTree = "<group>";
		};
		AE8BC50D1DD8C4A800F91BA0 /* Products */ = {
			isa = PBXGroup;
			children = (
				AE8BC50C1DD8C4A800F91BA0 /* Beer_Diary.app */,
			);
			name = Products;
			sourceTree = "<group>";
		};
		AE8BC50E1DD8C4A800F91BA0 /* Beer_Diary */ = {
			isa = PBXGroup;
			children = (
				AE8BC50F1DD8C4A800F91BA0 /* AppDelegate.swift */,
				AE8BC52F1DD9380700F91BA0 /* detailedInfoViewController.swift */,
				AE8BC5231DD8C58200F91BA0 /* Beer_List.swift */,
				AE8BC5251DD8C59100F91BA0 /* Filter.swift */,
				AE8BC52B1DD925CA00F91BA0 /* Filtered1.swift */,
				AE8BC52D1DD929E700F91BA0 /* Filtered2.swift */,
				AE8BC5271DD8C5AB00F91BA0 /* Add_Beer.swift */,
				AE8BC5151DD8C4A800F91BA0 /* Main.storyboard */,
				AE8BC5181DD8C4A800F91BA0 /* Assets.xcassets */,
				AE8BC51A1DD8C4A800F91BA0 /* LaunchScreen.storyboard */,
				AE8BC51D1DD8C4A800F91BA0 /* Info.plist */,
			);
			path = Beer_Diary;
			sourceTree = "<group>";
		};
/* End PBXGroup section */

/* Begin PBXNativeTarget section */
		AE8BC50B1DD8C4A800F91BA0 /* Beer_Diary */ = {
			isa = PBXNativeTarget;
			buildConfigurationList = AE8BC5201DD8C4A800F91BA0 /* Build configuration list for PBXNativeTarget "Beer_Diary" */;
			buildPhases = (
				AE8BC5081DD8C4A800F91BA0 /* Sources */,
				AE8BC5091DD8C4A800F91BA0 /* Frameworks */,
				AE8BC50A1DD8C4A800F91BA0 /* Resources */,
			);
			buildRules = (
			);
			dependencies = (
			);
			name = Beer_Diary;
			productName = Beer_Diary;
			productReference = AE8BC50C1DD8C4A800F91BA0 /* Beer_Diary.app */;
			productType = "com.apple.product-type.application";
		};
/* End PBXNativeTarget section */

/* Begin PBXProject section */
		AE8BC5041DD8C4A800F91BA0 /* Project object */ = {
			isa = PBXProject;
			attributes = {
				LastSwiftUpdateCheck = 0810;
				LastUpgradeCheck = 0810;
				ORGANIZATIONNAME = "Piotr Mielcarzewicz";
				TargetAttributes = {
					AE8BC50B1DD8C4A800F91BA0 = {
						CreatedOnToolsVersion = 8.1;
						DevelopmentTeam = RLSEW3RUQ6;
						ProvisioningStyle = Automatic;
					};
				};
			};
			buildConfigurationList = AE8BC5071DD8C4A800F91BA0 /* Build configuration list for PBXProject "Beer_Diary" */;
			compatibilityVersion = "Xcode 3.2";
			developmentRegion = English;
			hasScannedForEncodings = 0;
			knownRegions = (
				en,
				Base,
			);
			mainGroup = AE8BC5031DD8C4A800F91BA0;
			productRefGroup = AE8BC50D1DD8C4A800F91BA0 /* Products */;
			projectDirPath = "";
			projectRoot = "";
			targets = (
				AE8BC50B1DD8C4A800F91BA0 /* Beer_Diary */,
			);
		};
/* End PBXProject section */

/* Begin PBXResourcesBuildPhase section */
		AE8BC50A1DD8C4A800F91BA0 /* Resources */ = {
			isa = PBXResourcesBuildPhase;
			buildActionMask = 2147483647;
			files = (
				AE8BC51C1DD8C4A800F91BA0 /* LaunchScreen.storyboard in Resources */,
				AE8BC5191DD8C4A800F91BA0 /* Assets.xcassets in Resources */,
				AE8BC5171DD8C4A800F91BA0 /* Main.storyboard in Resources */,
			);
			runOnlyForDeploymentPostprocessing = 0;
		};
/* End PBXResourcesBuildPhase section */

/* Begin PBXSourcesBuildPhase section */
		AE8BC5081DD8C4A800F91BA0 /* Sources */ = {
			isa = PBXSourcesBuildPhase;
			buildActionMask = 2147483647;
			files = (
				AE8BC5101DD8C4A800F91BA0 /* AppDelegate.swift in Sources */,
				AE8BC5261DD8C59100F91BA0 /* Filter.swift in Sources */,
				AE8BC5301DD9380700F91BA0 /* detailedInfoViewController.swift in Sources */,
				AE8BC5241DD8C58200F91BA0 /* Beer_List.swift in Sources */,
				AE8BC5281DD8C5AB00F91BA0 /* Add_Beer.swift in Sources */,
				AE8BC52C1DD925CA00F91BA0 /* Filtered1.swift in Sources */,
				AE8BC52E1DD929E700F91BA0 /* Filtered2.swift in Sources */,
			);
			runOnlyForDeploymentPostprocessing = 0;
		};
/* End PBXSourcesBuildPhase section */

/* Begin PBXVariantGroup section */
		AE8BC5151DD8C4A800F91BA0 /* Main.storyboard */ = {
			isa = PBXVariantGroup;
			children = (
				AE8BC5161DD8C4A800F91BA0 /* Base */,
			);
			name = Main.storyboard;
			sourceTree = "<group>";
		};
		AE8BC51A1DD8C4A800F91BA0 /* LaunchScreen.storyboard */ = {
			isa = PBXVariantGroup;
			children = (
				AE8BC51B1DD8C4A800F91BA0 /* Base */,
			);
			name = LaunchScreen.storyboard;
			sourceTree = "<group>";
		};
/* End PBXVariantGroup section */

/* Begin XCBuildConfiguration section */
		AE8BC51E1DD8C4A800F91BA0 /* Debug */ = {
			isa = XCBuildConfiguration;
			buildSettings = {
				ALWAYS_SEARCH_USER_PATHS = NO;
				CLANG_ANALYZER_NONNULL = YES;
				CLANG_CXX_LANGUAGE_STANDARD = "gnu++0x";
				CLANG_CXX_LIBRARY = "libc++";
				CLANG_ENABLE_MODULES = YES;
				CLANG_ENABLE_OBJC_ARC = YES;
				CLANG_WARN_BOOL_CONVERSION = YES;
				CLANG_WARN_CONSTANT_CONVERSION = YES;
				CLANG_WARN_DIRECT_OBJC_ISA_USAGE = YES_ERROR;
				CLANG_WARN_DOCUMENTATION_COMMENTS = YES;
				CLANG_WARN_EMPTY_BODY = YES;
				CLANG_WARN_ENUM_CONVERSION = YES;
				CLANG_WARN_INFINITE_RECURSION = YES;
				CLANG_WARN_INT_CONVERSION = YES;
				CLANG_WARN_OBJC_ROOT_CLASS = YES_ERROR;
				CLANG_WARN_SUSPICIOUS_MOVES = YES;
				CLANG_WARN_UNREACHABLE_CODE = YES;
				CLANG_WARN__DUPLICATE_METHOD_MATCH = YES;
				"CODE_SIGN_IDENTITY[sdk=iphoneos*]" = "iPhone Developer";
				COPY_PHASE_STRIP = NO;
				DEBUG_INFORMATION_FORMAT = dwarf;
				ENABLE_STRICT_OBJC_MSGSEND = YES;
				ENABLE_TESTABILITY = YES;
				GCC_C_LANGUAGE_STANDARD = gnu99;
				GCC_DYNAMIC_NO_PIC = NO;
				GCC_NO_COMMON_BLOCKS = YES;
				GCC_OPTIMIZATION_LEVEL = 0;
				GCC_PREPROCESSOR_DEFINITIONS = (
					"DEBUG=1",
					"$(inherited)",
				);
				GCC_WARN_64_TO_32_BIT_CONVERSION = YES;
				GCC_WARN_ABOUT_RETURN_TYPE = YES_ERROR;
				GCC_WARN_UNDECLARED_SELECTOR = YES;
				GCC_WARN_UNINITIALIZED_AUTOS = YES_AGGRESSIVE;
				GCC_WARN_UNUSED_FUNCTION = YES;
				GCC_WARN_UNUSED_VARIABLE = YES;
				IPHONEOS_DEPLOYMENT_TARGET = 10.1;
				MTL_ENABLE_DEBUG_INFO = YES;
				ONLY_ACTIVE_ARCH = YES;
				SDKROOT = iphoneos;
				SWIFT_ACTIVE_COMPILATION_CONDITIONS = DEBUG;
				SWIFT_OPTIMIZATION_LEVEL = "-Onone";
			};
			name = Debug;
		};
		AE8BC51F1DD8C4A800F91BA0 /* Release */ = {
			isa = XCBuildConfiguration;
			buildSettings = {
				ALWAYS_SEARCH_USER_PATHS = NO;
				CLANG_ANALYZER_NONNULL = YES;
				CLANG_CXX_LANGUAGE_STANDARD = "gnu++0x";
				CLANG_CXX_LIBRARY = "libc++";
				CLANG_ENABLE_MODULES = YES;
				CLANG_ENABLE_OBJC_ARC = YES;
				CLANG_WARN_BOOL_CONVERSION = YES;
				CLANG_WARN_CONSTANT_CONVERSION = YES;
				CLANG_WARN_DIRECT_OBJC_ISA_USAGE = YES_ERROR;
				CLANG_WARN_DOCUMENTATION_COMMENTS = YES;
				CLANG_WARN_EMPTY_BODY = YES;
				CLANG_WARN_ENUM_CONVERSION = YES;
				CLANG_WARN_INFINITE_RECURSION = YES;
				CLANG_WARN_INT_CONVERSION = YES;
				CLANG_WARN_OBJC_ROOT_CLASS = YES_ERROR;
				CLANG_WARN_SUSPICIOUS_MOVES = YES;
				CLANG_WARN_UNREACHABLE_CODE = YES;
				CLANG_WARN__DUPLICATE_METHOD_MATCH = YES;
				"CODE_SIGN_IDENTITY[sdk=iphoneos*]" = "iPhone Developer";
				COPY_PHASE_STRIP = NO;
				DEBUG_INFORMATION_FORMAT = "dwarf-with-dsym";
				ENABLE_NS_ASSERTIONS = NO;
				ENABLE_STRICT_OBJC_MSGSEND = YES;
				GCC_C_LANGUAGE_STANDARD = gnu99;
				GCC_NO_COMMON_BLOCKS = YES;
				GCC_WARN_64_TO_32_BIT_CONVERSION = YES;
				GCC_WARN_ABOUT_RETURN_TYPE = YES_ERROR;
				GCC_WARN_UNDECLARED_SELECTOR = YES;
				GCC_WARN_UNINITIALIZED_AUTOS = YES_AGGRESSIVE;
				GCC_WARN_UNUSED_FUNCTION = YES;
				GCC_WARN_UNUSED_VARIABLE = YES;
				IPHONEOS_DEPLOYMENT_TARGET = 10.1;
				MTL_ENABLE_DEBUG_INFO = NO;
				SDKROOT = iphoneos;
				SWIFT_OPTIMIZATION_LEVEL = "-Owholemodule";
				VALIDATE_PRODUCT = YES;
			};
			name = Release;
		};
		AE8BC5211DD8C4A800F91BA0 /* Debug */ = {
			isa = XCBuildConfiguration;
			buildSettings = {
				ASSETCATALOG_COMPILER_APPICON_NAME = AppIcon;
				DEVELOPMENT_TEAM = RLSEW3RUQ6;
				INFOPLIST_FILE = Beer_Diary/Info.plist;
				LD_RUNPATH_SEARCH_PATHS = "$(inherited) @executable_path/Frameworks";
				PRODUCT_BUNDLE_IDENTIFIER = "com.Piotr.Beer-Diary";
				PRODUCT_NAME = "$(TARGET_NAME)";
				SWIFT_VERSION = 3.0;
			};
			name = Debug;
		};
		AE8BC5221DD8C4A800F91BA0 /* Release */ = {
			isa = XCBuildConfiguration;
			buildSettings = {
				ASSETCATALOG_COMPILER_APPICON_NAME = AppIcon;
				DEVELOPMENT_TEAM = RLSEW3RUQ6;
				INFOPLIST_FILE = Beer_Diary/Info.plist;
				LD_RUNPATH_SEARCH_PATHS = "$(inherited) @executable_path/Frameworks";
				PRODUCT_BUNDLE_IDENTIFIER = "com.Piotr.Beer-Diary";
				PRODUCT_NAME = "$(TARGET_NAME)";
				SWIFT_VERSION = 3.0;
			};
			name = Release;
		};
/* End XCBuildConfiguration section */

/* Begin XCConfigurationList section */
		AE8BC5071DD8C4A800F91BA0 /* Build configuration list for PBXProject "Beer_Diary" */ = {
			isa = XCConfigurationList;
			buildConfigurations = (
				AE8BC51E1DD8C4A800F91BA0 /* Debug */,
				AE8BC51F1DD8C4A800F91BA0 /* Release */,
			);
			defaultConfigurationIsVisible = 0;
			defaultConfigurationName = Release;
		};
		AE8BC5201DD8C4A800F91BA0 /* Build configuration list for PBXNativeTarget "Beer_Diary" */ = {
			isa = XCConfigurationList;
			buildConfigurations = (
				AE8BC5211DD8C4A800F91BA0 /* Debug */,
				AE8BC5221DD8C4A800F91BA0 /* Release */,
			);
			defaultConfigurationIsVisible = 0;
		};
/* End XCConfigurationList section */
	};
	rootObject = AE8BC5041DD8C4A800F91BA0 /* Project object */;
}
